// !$*UTF8*$!
{
	archiveVersion = 1;
	classes = {
	};
	objectVersion = 56;
	objects = {

/* Begin PBXBuildFile section */
		CBFBDBBB2953045A003340C1 /* VPNCheckerApp.swift in Sources */ = {isa = PBXBuildFile; fileRef = CBFBDBBA2953045A003340C1 /* VPNCheckerApp.swift */; };
		CBFBDBBD2953045A003340C1 /* ContentView.swift in Sources */ = {isa = PBXBuildFile; fileRef = CBFBDBBC2953045A003340C1 /* ContentView.swift */; };
		CBFBDBBF2953045C003340C1 /* Assets.xcassets in Resources */ = {isa = PBXBuildFile; fileRef = CBFBDBBE2953045C003340C1 /* Assets.xcassets */; };
		CBFBDBC22953045C003340C1 /* Preview Assets.xcassets in Resources */ = {isa = PBXBuildFile; fileRef = CBFBDBC12953045C003340C1 /* Preview Assets.xcassets */; };
		CBFBDBCA295321C0003340C1 /* Defaults in Frameworks */ = {isa = PBXBuildFile; productRef = CBFBDBC9295321C0003340C1 /* Defaults */; };
		CBFBDBCC295321CA003340C1 /* Defaults+Keys.swift in Sources */ = {isa = PBXBuildFile; fileRef = CBFBDBCB295321CA003340C1 /* Defaults+Keys.swift */; };
		CBFBDBD029548138003340C1 /* ActivityView.swift in Sources */ = {isa = PBXBuildFile; fileRef = CBFBDBCF29548138003340C1 /* ActivityView.swift */; };
		CBFBDBD229548278003340C1 /* ProtocolDetailView.swift in Sources */ = {isa = PBXBuildFile; fileRef = CBFBDBD129548278003340C1 /* ProtocolDetailView.swift */; };
		CBFBDBD42954829B003340C1 /* VPNListView.swift in Sources */ = {isa = PBXBuildFile; fileRef = CBFBDBD32954829B003340C1 /* VPNListView.swift */; };
		CBFBDBD6295482B3003340C1 /* VPNCheck.swift in Sources */ = {isa = PBXBuildFile; fileRef = CBFBDBD5295482B3003340C1 /* VPNCheck.swift */; };
/* End PBXBuildFile section */

/* Begin PBXFileReference section */
		CBFBDBB72953045A003340C1 /* VPNChecker.app */ = {isa = PBXFileReference; explicitFileType = wrapper.application; includeInIndex = 0; path = VPNChecker.app; sourceTree = BUILT_PRODUCTS_DIR; };
		CBFBDBBA2953045A003340C1 /* VPNCheckerApp.swift */ = {isa = PBXFileReference; lastKnownFileType = sourcecode.swift; path = VPNCheckerApp.swift; sourceTree = "<group>"; };
		CBFBDBBC2953045A003340C1 /* ContentView.swift */ = {isa = PBXFileReference; lastKnownFileType = sourcecode.swift; path = ContentView.swift; sourceTree = "<group>"; };
		CBFBDBBE2953045C003340C1 /* Assets.xcassets */ = {isa = PBXFileReference; lastKnownFileType = folder.assetcatalog; path = Assets.xcassets; sourceTree = "<group>"; };
		CBFBDBC12953045C003340C1 /* Preview Assets.xcassets */ = {isa = PBXFileReference; lastKnownFileType = folder.assetcatalog; path = "Preview Assets.xcassets"; sourceTree = "<group>"; };
		CBFBDBCB295321CA003340C1 /* Defaults+Keys.swift */ = {isa = PBXFileReference; lastKnownFileType = sourcecode.swift; path = "Defaults+Keys.swift"; sourceTree = "<group>"; };
		CBFBDBCF29548138003340C1 /* ActivityView.swift */ = {isa = PBXFileReference; lastKnownFileType = sourcecode.swift; path = ActivityView.swift; sourceTree = "<group>"; };
		CBFBDBD129548278003340C1 /* ProtocolDetailView.swift */ = {isa = PBXFileReference; lastKnownFileType = sourcecode.swift; path = ProtocolDetailView.swift; sourceTree = "<group>"; };
		CBFBDBD32954829B003340C1 /* VPNListView.swift */ = {isa = PBXFileReference; lastKnownFileType = sourcecode.swift; path = VPNListView.swift; sourceTree = "<group>"; };
		CBFBDBD5295482B3003340C1 /* VPNCheck.swift */ = {isa = PBXFileReference; lastKnownFileType = sourcecode.swift; path = VPNCheck.swift; sourceTree = "<group>"; };
/* End PBXFileReference section */

/* Begin PBXFrameworksBuildPhase section */
		CBFBDBB42953045A003340C1 /* Frameworks */ = {
			isa = PBXFrameworksBuildPhase;
			buildActionMask = 2147483647;
			files = (
				CBFBDBCA295321C0003340C1 /* Defaults in Frameworks */,
			);
			runOnlyForDeploymentPostprocessing = 0;
		};
/* End PBXFrameworksBuildPhase section */

/* Begin PBXGroup section */
		CBFBDBAE2953045A003340C1 = {
			isa = PBXGroup;
			children = (
				CBFBDBB92953045A003340C1 /* VPNChecker */,
				CBFBDBB82953045A003340C1 /* Products */,
			);
			sourceTree = "<group>";
		};
		CBFBDBB82953045A003340C1 /* Products */ = {
			isa = PBXGroup;
			children = (
				CBFBDBB72953045A003340C1 /* VPNChecker.app */,
			);
			name = Products;
			sourceTree = "<group>";
		};
		CBFBDBB92953045A003340C1 /* VPNChecker */ = {
			isa = PBXGroup;
			children = (
				CBFBDBBA2953045A003340C1 /* VPNCheckerApp.swift */,
				CBFBDBD8295483E4003340C1 /* BU Logic */,
				CBFBDBD7295483CB003340C1 /* Views (UI) */,
				CBFBDBCB295321CA003340C1 /* Defaults+Keys.swift */,
				CBFBDBBE2953045C003340C1 /* Assets.xcassets */,
				CBFBDBC02953045C003340C1 /* Preview Content */,
			);
			path = VPNChecker;
			sourceTree = "<group>";
		};
		CBFBDBC02953045C003340C1 /* Preview Content */ = {
			isa = PBXGroup;
			children = (
				CBFBDBC12953045C003340C1 /* Preview Assets.xcassets */,
			);
			path = "Preview Content";
			sourceTree = "<group>";
		};
		CBFBDBD7295483CB003340C1 /* Views (UI) */ = {
			isa = PBXGroup;
			children = (
				CBFBDBBC2953045A003340C1 /* ContentView.swift */,
				CBFBDBD129548278003340C1 /* ProtocolDetailView.swift */,
				CBFBDBD32954829B003340C1 /* VPNListView.swift */,
				CBFBDBCF29548138003340C1 /* ActivityView.swift */,
			);
			path = "Views (UI)";
			sourceTree = "<group>";
		};
		CBFBDBD8295483E4003340C1 /* BU Logic */ = {
			isa = PBXGroup;
			children = (
				CBFBDBD5295482B3003340C1 /* VPNCheck.swift */,
			);
			path = "BU Logic";
			sourceTree = "<group>";
		};
/* End PBXGroup section */

/* Begin PBXNativeTarget section */
		CBFBDBB62953045A003340C1 /* VPNChecker */ = {
			isa = PBXNativeTarget;
			buildConfigurationList = CBFBDBC52953045C003340C1 /* Build configuration list for PBXNativeTarget "VPNChecker" */;
			buildPhases = (
				CBFBDBB32953045A003340C1 /* Sources */,
				CBFBDBB42953045A003340C1 /* Frameworks */,
				CBFBDBB52953045A003340C1 /* Resources */,
			);
			buildRules = (
			);
			dependencies = (
			);
			name = VPNChecker;
			packageProductDependencies = (
				CBFBDBC9295321C0003340C1 /* Defaults */,
			);
			productName = VPNChecker;
			productReference = CBFBDBB72953045A003340C1 /* VPNChecker.app */;
			productType = "com.apple.product-type.application";
		};
/* End PBXNativeTarget section */

/* Begin PBXProject section */
		CBFBDBAF2953045A003340C1 /* Project object */ = {
			isa = PBXProject;
			attributes = {
				BuildIndependentTargetsInParallel = 1;
				LastSwiftUpdateCheck = 1420;
				LastUpgradeCheck = 1420;
				TargetAttributes = {
					CBFBDBB62953045A003340C1 = {
						CreatedOnToolsVersion = 14.2;
					};
				};
			};
			buildConfigurationList = CBFBDBB22953045A003340C1 /* Build configuration list for PBXProject "VPNChecker" */;
			compatibilityVersion = "Xcode 14.0";
			developmentRegion = en;
			hasScannedForEncodings = 0;
			knownRegions = (
				en,
				Base,
			);
			mainGroup = CBFBDBAE2953045A003340C1;
			packageReferences = (
				CBFBDBC8295321C0003340C1 /* XCRemoteSwiftPackageReference "Defaults" */,
			);
			productRefGroup = CBFBDBB82953045A003340C1 /* Products */;
			projectDirPath = "";
			projectRoot = "";
			targets = (
				CBFBDBB62953045A003340C1 /* VPNChecker */,
			);
		};
/* End PBXProject section */

/* Begin PBXResourcesBuildPhase section */
		CBFBDBB52953045A003340C1 /* Resources */ = {
			isa = PBXResourcesBuildPhase;
			buildActionMask = 2147483647;
			files = (
				CBFBDBC22953045C003340C1 /* Preview Assets.xcassets in Resources */,
				CBFBDBBF2953045C003340C1 /* Assets.xcassets in Resources */,
			);
			runOnlyForDeploymentPostprocessing = 0;
		};
/* End PBXResourcesBuildPhase section */

/* Begin PBXSourcesBuildPhase section */
		CBFBDBB32953045A003340C1 /* Sources */ = {
			isa = PBXSourcesBuildPhase;
			buildActionMask = 2147483647;
			files = (
				CBFBDBCC295321CA003340C1 /* Defaults+Keys.swift in Sources */,
				CBFBDBD029548138003340C1 /* ActivityView.swift in Sources */,
				CBFBDBD229548278003340C1 /* ProtocolDetailView.swift in Sources */,
				CBFBDBBD2953045A003340C1 /* ContentView.swift in Sources */,
				CBFBDBBB2953045A003340C1 /* VPNCheckerApp.swift in Sources */,
				CBFBDBD6295482B3003340C1 /* VPNCheck.swift in Sources */,
				CBFBDBD42954829B003340C1 /* VPNListView.swift in Sources */,
			);
			runOnlyForDeploymentPostprocessing = 0;
		};
/* End PBXSourcesBuildPhase section */

/* Begin XCBuildConfiguration section */
		CBFBDBC32953045C003340C1 /* Debug */ = {
			isa = XCBuildConfiguration;
			buildSettings = {
				ALWAYS_SEARCH_USER_PATHS = NO;
				CLANG_ANALYZER_NONNULL = YES;
				CLANG_ANALYZER_NUMBER_OBJECT_CONVERSION = YES_AGGRESSIVE;
				CLANG_CXX_LANGUAGE_STANDARD = "gnu++20";
				CLANG_ENABLE_MODULES = YES;
				CLANG_ENABLE_OBJC_ARC = YES;
				CLANG_ENABLE_OBJC_WEAK = YES;
				CLANG_WARN_BLOCK_CAPTURE_AUTORELEASING = YES;
				CLANG_WARN_BOOL_CONVERSION = YES;
				CLANG_WARN_COMMA = YES;
				CLANG_WARN_CONSTANT_CONVERSION = YES;
				CLANG_WARN_DEPRECATED_OBJC_IMPLEMENTATIONS = YES;
				CLANG_WARN_DIRECT_OBJC_ISA_USAGE = YES_ERROR;
				CLANG_WARN_DOCUMENTATION_COMMENTS = YES;
				CLANG_WARN_EMPTY_BODY = YES;
				CLANG_WARN_ENUM_CONVERSION = YES;
				CLANG_WARN_INFINITE_RECURSION = YES;
				CLANG_WARN_INT_CONVERSION = YES;
				CLANG_WARN_NON_LITERAL_NULL_CONVERSION = YES;
				CLANG_WARN_OBJC_IMPLICIT_RETAIN_SELF = YES;
				CLANG_WARN_OBJC_LITERAL_CONVERSION = YES;
				CLANG_WARN_OBJC_ROOT_CLASS = YES_ERROR;
				CLANG_WARN_QUOTED_INCLUDE_IN_FRAMEWORK_HEADER = YES;
				CLANG_WARN_RANGE_LOOP_ANALYSIS = YES;
				CLANG_WARN_STRICT_PROTOTYPES = YES;
				CLANG_WARN_SUSPICIOUS_MOVE = YES;
				CLANG_WARN_UNGUARDED_AVAILABILITY = YES_AGGRESSIVE;
				CLANG_WARN_UNREACHABLE_CODE = YES;
				CLANG_WARN__DUPLICATE_METHOD_MATCH = YES;
				COPY_PHASE_STRIP = NO;
				DEBUG_INFORMATION_FORMAT = dwarf;
				ENABLE_STRICT_OBJC_MSGSEND = YES;
				ENABLE_TESTABILITY = YES;
				GCC_C_LANGUAGE_STANDARD = gnu11;
				GCC_DYNAMIC_NO_PIC = NO;
				GCC_NO_COMMON_BLOCKS = YES;
				GCC_OPTIMIZATION_LEVEL = 0;
				GCC_PREPROCESSOR_DEFINITIONS = (
					"DEBUG=1",
					"$(inherited)",
				);
				GCC_WARN_64_TO_32_BIT_CONVERSION = YES;
				GCC_WARN_ABOUT_RETURN_TYPE = YES_ERROR;
				GCC_WARN_UNDECLARED_SELECTOR = YES;
				GCC_WARN_UNINITIALIZED_AUTOS = YES_AGGRESSIVE;
				GCC_WARN_UNUSED_FUNCTION = YES;
				GCC_WARN_UNUSED_VARIABLE = YES;
				IPHONEOS_DEPLOYMENT_TARGET = 16.2;
				MTL_ENABLE_DEBUG_INFO = INCLUDE_SOURCE;
				MTL_FAST_MATH = YES;
				ONLY_ACTIVE_ARCH = YES;
				SDKROOT = iphoneos;
				SWIFT_ACTIVE_COMPILATION_CONDITIONS = DEBUG;
				SWIFT_OPTIMIZATION_LEVEL = "-Onone";
			};
			name = Debug;
		};
		CBFBDBC42953045C003340C1 /* Release */ = {
			isa = XCBuildConfiguration;
			buildSettings = {
				ALWAYS_SEARCH_USER_PATHS = NO;
				CLANG_ANALYZER_NONNULL = YES;
				CLANG_ANALYZER_NUMBER_OBJECT_CONVERSION = YES_AGGRESSIVE;
				CLANG_CXX_LANGUAGE_STANDARD = "gnu++20";
				CLANG_ENABLE_MODULES = YES;
				CLANG_ENABLE_OBJC_ARC = YES;
				CLANG_ENABLE_OBJC_WEAK = YES;
				CLANG_WARN_BLOCK_CAPTURE_AUTORELEASING = YES;
				CLANG_WARN_BOOL_CONVERSION = YES;
				CLANG_WARN_COMMA = YES;
				CLANG_WARN_CONSTANT_CONVERSION = YES;
				CLANG_WARN_DEPRECATED_OBJC_IMPLEMENTATIONS = YES;
				CLANG_WARN_DIRECT_OBJC_ISA_USAGE = YES_ERROR;
				CLANG_WARN_DOCUMENTATION_COMMENTS = YES;
				CLANG_WARN_EMPTY_BODY = YES;
				CLANG_WARN_ENUM_CONVERSION = YES;
				CLANG_WARN_INFINITE_RECURSION = YES;
				CLANG_WARN_INT_CONVERSION = YES;
				CLANG_WARN_NON_LITERAL_NULL_CONVERSION = YES;
				CLANG_WARN_OBJC_IMPLICIT_RETAIN_SELF = YES;
				CLANG_WARN_OBJC_LITERAL_CONVERSION = YES;
				CLANG_WARN_OBJC_ROOT_CLASS = YES_ERROR;
				CLANG_WARN_QUOTED_INCLUDE_IN_FRAMEWORK_HEADER = YES;
				CLANG_WARN_RANGE_LOOP_ANALYSIS = YES;
				CLANG_WARN_STRICT_PROTOTYPES = YES;
				CLANG_WARN_SUSPICIOUS_MOVE = YES;
				CLANG_WARN_UNGUARDED_AVAILABILITY = YES_AGGRESSIVE;
				CLANG_WARN_UNREACHABLE_CODE = YES;
				CLANG_WARN__DUPLICATE_METHOD_MATCH = YES;
				COPY_PHASE_STRIP = NO;
				DEBUG_INFORMATION_FORMAT = "dwarf-with-dsym";
				ENABLE_NS_ASSERTIONS = NO;
				ENABLE_STRICT_OBJC_MSGSEND = YES;
				GCC_C_LANGUAGE_STANDARD = gnu11;
				GCC_NO_COMMON_BLOCKS = YES;
				GCC_WARN_64_TO_32_BIT_CONVERSION = YES;
				GCC_WARN_ABOUT_RETURN_TYPE = YES_ERROR;
				GCC_WARN_UNDECLARED_SELECTOR = YES;
				GCC_WARN_UNINITIALIZED_AUTOS = YES_AGGRESSIVE;
				GCC_WARN_UNUSED_FUNCTION = YES;
				GCC_WARN_UNUSED_VARIABLE = YES;
				IPHONEOS_DEPLOYMENT_TARGET = 16.2;
				MTL_ENABLE_DEBUG_INFO = NO;
				MTL_FAST_MATH = YES;
				SDKROOT = iphoneos;
				SWIFT_COMPILATION_MODE = wholemodule;
				SWIFT_OPTIMIZATION_LEVEL = "-O";
				VALIDATE_PRODUCT = YES;
			};
			name = Release;
		};
		CBFBDBC62953045C003340C1 /* Debug */ = {
			isa = XCBuildConfiguration;
			buildSettings = {
				ASSETCATALOG_COMPILER_APPICON_NAME = AppIcon;
				ASSETCATALOG_COMPILER_GLOBAL_ACCENT_COLOR_NAME = AccentColor;
				CODE_SIGN_STYLE = Automatic;
				CURRENT_PROJECT_VERSION = 1;
				DEVELOPMENT_ASSET_PATHS = "\"VPNChecker/Preview Content\"";
				DEVELOPMENT_TEAM = G69L3HCQBT;
				ENABLE_PREVIEWS = YES;
				GENERATE_INFOPLIST_FILE = YES;
				INFOPLIST_KEY_UIApplicationSceneManifest_Generation = YES;
				INFOPLIST_KEY_UIApplicationSupportsIndirectInputEvents = YES;
				INFOPLIST_KEY_UILaunchScreen_Generation = YES;
				INFOPLIST_KEY_UISupportedInterfaceOrientations_iPad = "UIInterfaceOrientationPortrait UIInterfaceOrientationPortraitUpsideDown UIInterfaceOrientationLandscapeLeft UIInterfaceOrientationLandscapeRight";
				INFOPLIST_KEY_UISupportedInterfaceOrientations_iPhone = "UIInterfaceOrientationPortrait UIInterfaceOrientationLandscapeLeft UIInterfaceOrientationLandscapeRight";
				LD_RUNPATH_SEARCH_PATHS = (
					"$(inherited)",
					"@executable_path/Frameworks",
				);
				MARKETING_VERSION = 1.0;
				PRODUCT_BUNDLE_IDENTIFIER = net.alhaider.VPNChecker;
				PRODUCT_NAME = "$(TARGET_NAME)";
				SWIFT_EMIT_LOC_STRINGS = YES;
				SWIFT_VERSION = 5.0;
				TARGETED_DEVICE_FAMILY = "1,2";
			};
			name = Debug;
		};
		CBFBDBC72953045C003340C1 /* Release */ = {
			isa = XCBuildConfiguration;
			buildSettings = {
				ASSETCATALOG_COMPILER_APPICON_NAME = AppIcon;
				ASSETCATALOG_COMPILER_GLOBAL_ACCENT_COLOR_NAME = AccentColor;
				CODE_SIGN_STYLE = Automatic;
				CURRENT_PROJECT_VERSION = 1;
				DEVELOPMENT_ASSET_PATHS = "\"VPNChecker/Preview Content\"";
				DEVELOPMENT_TEAM = G69L3HCQBT;
				ENABLE_PREVIEWS = YES;
				GENERATE_INFOPLIST_FILE = YES;
				INFOPLIST_KEY_UIApplicationSceneManifest_Generation = YES;
				INFOPLIST_KEY_UIApplicationSupportsIndirectInputEvents = YES;
				INFOPLIST_KEY_UILaunchScreen_Generation = YES;
				INFOPLIST_KEY_UISupportedInterfaceOrientations_iPad = "UIInterfaceOrientationPortrait UIInterfaceOrientationPortraitUpsideDown UIInterfaceOrientationLandscapeLeft UIInterfaceOrientationLandscapeRight";
				INFOPLIST_KEY_UISupportedInterfaceOrientations_iPhone = "UIInterfaceOrientationPortrait UIInterfaceOrientationLandscapeLeft UIInterfaceOrientationLandscapeRight";
				LD_RUNPATH_SEARCH_PATHS = (
					"$(inherited)",
					"@executable_path/Frameworks",
				);
				MARKETING_VERSION = 1.0;
				PRODUCT_BUNDLE_IDENTIFIER = net.alhaider.VPNChecker;
				PRODUCT_NAME = "$(TARGET_NAME)";
				SWIFT_EMIT_LOC_STRINGS = YES;
				SWIFT_VERSION = 5.0;
				TARGETED_DEVICE_FAMILY = "1,2";
			};
			name = Release;
		};
/* End XCBuildConfiguration section */

/* Begin XCConfigurationList section */
		CBFBDBB22953045A003340C1 /* Build configuration list for PBXProject "VPNChecker" */ = {
			isa = XCConfigurationList;
			buildConfigurations = (
				CBFBDBC32953045C003340C1 /* Debug */,
				CBFBDBC42953045C003340C1 /* Release */,
			);
			defaultConfigurationIsVisible = 0;
			defaultConfigurationName = Release;
		};
		CBFBDBC52953045C003340C1 /* Build configuration list for PBXNativeTarget "VPNChecker" */ = {
			isa = XCConfigurationList;
			buildConfigurations = (
				CBFBDBC62953045C003340C1 /* Debug */,
				CBFBDBC72953045C003340C1 /* Release */,
			);
			defaultConfigurationIsVisible = 0;
			defaultConfigurationName = Release;
		};
/* End XCConfigurationList section */

/* Begin XCRemoteSwiftPackageReference section */
		CBFBDBC8295321C0003340C1 /* XCRemoteSwiftPackageReference "Defaults" */ = {
			isa = XCRemoteSwiftPackageReference;
			repositoryURL = "https://github.com/sindresorhus/Defaults";
			requirement = {
				kind = upToNextMinorVersion;
				minimumVersion = 7.1.0;
			};
		};
/* End XCRemoteSwiftPackageReference section */

/* Begin XCSwiftPackageProductDependency section */
		CBFBDBC9295321C0003340C1 /* Defaults */ = {
			isa = XCSwiftPackageProductDependency;
			package = CBFBDBC8295321C0003340C1 /* XCRemoteSwiftPackageReference "Defaults" */;
			productName = Defaults;
		};
/* End XCSwiftPackageProductDependency section */
	};
	rootObject = CBFBDBAF2953045A003340C1 /* Project object */;
}
